/project/coffea_pangenome/Artocarpus/Assemblies/20241115_JustinAssemblies/HART053/HiCHiFi/02_PurgeDups/purged.fa
/project/coffea_pangenome/Artocarpus/WholeGenomeAlignments/fastas/ASM2540343.fa
/project/coffea_pangenome/Artocarpus/Assemblies/20241115_JustinAssemblies/HART053/HiCHiFi/HART053.p_ctg.gfa
/project/coffea_pangenome/Artocarpus/Assemblies/20241115_JustinAssemblies/HART053/HART053.HiFi.fastq.gz
