/project/coffea_pangenome/Artocarpus/Assemblies/20241115_JustinAssemblies/N15_23/HiCHiFi/02_PurgeDups/purged.fa
/project/coffea_pangenome/Artocarpus/WholeGenomeAlignments/fastas/ASM2540343.fa
/project/coffea_pangenome/Artocarpus/Assemblies/20241115_JustinAssemblies/N15_23/HiCHiFi/N15_23.p_ctg.gfa
/project/coffea_pangenome/Artocarpus/Assemblies/20241115_JustinAssemblies/N15_23/N15_23.HiFi.fastq.gz
