/project/coffea_pangenome/Artocarpus/Assemblies/20241115_JustinAssemblies/HART046/HiCHiFi/03_HapHiC/04.build/scaffolds.fa
/project/coffea_pangenome/Artocarpus/WholeGenomeAlignments/fastas/ASM2540343.fa
/project/coffea_pangenome/Artocarpus/Assemblies/20241115_JustinAssemblies/HART046/HiCHiFi/02_PurgeDups/purged.fa
/project/coffea_pangenome/Artocarpus/Assemblies/20241115_JustinAssemblies/HART046/HART046.HiC.R1.fastq.gz
/project/coffea_pangenome/Artocarpus/Assemblies/20241115_JustinAssemblies/HART046/HART046.HiC.R2.fastq.gz
/project/coffea_pangenome/Artocarpus/Assemblies/20241115_JustinAssemblies/HART046/HiCHiFi/HART046.hic.p_ctg.gfa
/project/coffea_pangenome/Artocarpus/Assemblies/20241115_JustinAssemblies/HART046/HART046.HiFi.fastq.gz
/project/coffea_pangenome/Artocarpus/Assemblies/20241115_JustinAssemblies/HART046/HART046.HiC.R1.fastq.gz
/project/coffea_pangenome/Artocarpus/Assemblies/20241115_JustinAssemblies/HART046/HART046.HiC.R2.fastq.gz
