Primary_Assemblies/HART046.HifiasmHiFi-HiC-PurgeDups-RagTag.fa
/project/coffea_pangenome/Artocarpus/Assemblies/20241115_JustinAssemblies/HART046/HiCHiFi/HART046.hic.p_ctg.gfa
/project/coffea_pangenome/Artocarpus/Assemblies/20241115_JustinAssemblies/HART046/HiCHiFi/02_PurgeDups/purged.fa
/project/coffea_pangenome/Artocarpus/Assemblies/20241115_JustinAssemblies/HART046/HiCHiFi/03_HapHiC/04.build/scaffolds.fa
