Primary_Assemblies/HART058.HifiasmHiFi-HiC-PurgeDups-RagTag.fa
/project/coffea_pangenome/Artocarpus/Assemblies/20241115_JustinAssemblies/HART058/HiCHiFi/HART058.hic.p_ctg.gfa
/project/coffea_pangenome/Artocarpus/Assemblies/20241115_JustinAssemblies/HART058/HiCHiFi/02_PurgeDups/purged.fa
/project/coffea_pangenome/Artocarpus/Assemblies/20241115_JustinAssemblies/HART058/HiCHiFi/03_HapHiC/04.build/scaffolds.fa
